
Microsoft Visual Studio Solution File, Format Version 12.00
# Visual Studio Version 16
VisualStudioVersion = 16.0.32106.194
MinimumVisualStudioVersion = 10.0.40219.1
Project("{FAE04EC0-301F-11D3-BF4B-00C04F79EFBC}") = "SN.Web", "SN.Web\SN.Web.csproj", "{3E94BA94-E320-4997-A18E-1CA4134066B0}"
EndProject
Project("{FAE04EC0-301F-11D3-BF4B-00C04F79EFBC}") = "SN.Api", "SN.Api\SN.Api.csproj", "{CF0CC3AD-7617-4C86-8C96-D05DE9CE1CE9}"
EndProject
Project("{FAE04EC0-301F-11D3-BF4B-00C04F79EFBC}") = "SN.Core", "SN.Core\SN.Core.csproj", "{8FE4E3BB-18E5-46E6-9063-6EBB4B8A451C}"
EndProject
Project("{FAE04EC0-301F-11D3-BF4B-00C04F79EFBC}") = "SN.Data", "SN.Data\SN.Data.csproj", "{ECF48BF8-7BEA-41B6-8894-FC5F6940C103}"
EndProject
Global
	GlobalSection(SolutionConfigurationPlatforms) = preSolution
		Debug|Any CPU = Debug|Any CPU
		Release|Any CPU = Release|Any CPU
	EndGlobalSection
	GlobalSection(ProjectConfigurationPlatforms) = postSolution
		{3E94BA94-E320-4997-A18E-1CA4134066B0}.Debug|Any CPU.ActiveCfg = Debug|Any CPU
		{3E94BA94-E320-4997-A18E-1CA4134066B0}.Debug|Any CPU.Build.0 = Debug|Any CPU
		{3E94BA94-E320-4997-A18E-1CA4134066B0}.Release|Any CPU.ActiveCfg = Release|Any CPU
		{3E94BA94-E320-4997-A18E-1CA4134066B0}.Release|Any CPU.Build.0 = Release|Any CPU
		{CF0CC3AD-7617-4C86-8C96-D05DE9CE1CE9}.Debug|Any CPU.ActiveCfg = Debug|Any CPU
		{CF0CC3AD-7617-4C86-8C96-D05DE9CE1CE9}.Debug|Any CPU.Build.0 = Debug|Any CPU
		{CF0CC3AD-7617-4C86-8C96-D05DE9CE1CE9}.Release|Any CPU.ActiveCfg = Release|Any CPU
		{CF0CC3AD-7617-4C86-8C96-D05DE9CE1CE9}.Release|Any CPU.Build.0 = Release|Any CPU
		{8FE4E3BB-18E5-46E6-9063-6EBB4B8A451C}.Debug|Any CPU.ActiveCfg = Debug|Any CPU
		{8FE4E3BB-18E5-46E6-9063-6EBB4B8A451C}.Debug|Any CPU.Build.0 = Debug|Any CPU
		{8FE4E3BB-18E5-46E6-9063-6EBB4B8A451C}.Release|Any CPU.ActiveCfg = Release|Any CPU
		{8FE4E3BB-18E5-46E6-9063-6EBB4B8A451C}.Release|Any CPU.Build.0 = Release|Any CPU
		{ECF48BF8-7BEA-41B6-8894-FC5F6940C103}.Debug|Any CPU.ActiveCfg = Debug|Any CPU
		{ECF48BF8-7BEA-41B6-8894-FC5F6940C103}.Debug|Any CPU.Build.0 = Debug|Any CPU
		{ECF48BF8-7BEA-41B6-8894-FC5F6940C103}.Release|Any CPU.ActiveCfg = Release|Any CPU
		{ECF48BF8-7BEA-41B6-8894-FC5F6940C103}.Release|Any CPU.Build.0 = Release|Any CPU
	EndGlobalSection
	GlobalSection(SolutionProperties) = preSolution
		HideSolutionNode = FALSE
	EndGlobalSection
	GlobalSection(ExtensibilityGlobals) = postSolution
		SolutionGuid = {6399DE82-A1C3-4901-B2F2-55A645B08130}
	EndGlobalSection
EndGlobal
